{
  "originHash" : "9d4418b4f238b6902bec2384a430df9562b31408a2ba6c52eafe1303d71ce172",
  "pins" : [
    {
      "identity" : "swift-collections",
      "kind" : "remoteSourceControl",
      "location" : "https://github.com/apple/swift-collections.git",
      "state" : {
        "revision" : "8c0c0a8b49e080e54e5e328cc552821ff07cd341",
        "version" : "1.2.1"
      }
    },
    {
      "identity" : "vldebuglogger",
      "kind" : "remoteSourceControl",
      "location" : "https://github.com/langdon78/VLDebugLogger",
      "state" : {
        "revision" : "38676f86e9f6329c8932cf3f86c913974f3503c7",
        "version" : "0.1.0"
      }
    },
    {
      "identity" : "vloauthprovider",
      "kind" : "remoteSourceControl",
      "location" : "https://github.com/langdon78/VLOAuthProvider",
      "state" : {
        "revision" : "886bbee3ccac74bac4ea96ce3e2f8e2439f039da",
        "version" : "0.2.0-alpha"
      }
    }
  ],
  "version" : 3
}
